// !$*UTF8*$!
{
	archiveVersion = 1;
	classes = {
	};
	objectVersion = 50;
	objects = {

/* Begin PBXBuildFile section */
		6E25F13023013B04002CB3FC /* AppDelegate.swift in Sources */ = {isa = PBXBuildFile; fileRef = 6E25F12F23013B04002CB3FC /* AppDelegate.swift */; };
		6E25F13523013B04002CB3FC /* Main.storyboard in Resources */ = {isa = PBXBuildFile; fileRef = 6E25F13323013B04002CB3FC /* Main.storyboard */; };
		6E25F13723013B06002CB3FC /* Assets.xcassets in Resources */ = {isa = PBXBuildFile; fileRef = 6E25F13623013B06002CB3FC /* Assets.xcassets */; };
		6E25F13A23013B06002CB3FC /* LaunchScreen.storyboard in Resources */ = {isa = PBXBuildFile; fileRef = 6E25F13823013B06002CB3FC /* LaunchScreen.storyboard */; };
		6E25F14523013B07002CB3FC /* TodoListTests.swift in Sources */ = {isa = PBXBuildFile; fileRef = 6E25F14423013B07002CB3FC /* TodoListTests.swift */; };
		6E25F15023013B07002CB3FC /* TodoListUITests.swift in Sources */ = {isa = PBXBuildFile; fileRef = 6E25F14F23013B07002CB3FC /* TodoListUITests.swift */; };
		6E25F15E23013E47002CB3FC /* TableViewController.swift in Sources */ = {isa = PBXBuildFile; fileRef = 6E25F15D23013E47002CB3FC /* TableViewController.swift */; };
		6E25F16023013E50002CB3FC /* AddViewController.swift in Sources */ = {isa = PBXBuildFile; fileRef = 6E25F15F23013E50002CB3FC /* AddViewController.swift */; };
		6E25F16223013E5C002CB3FC /* DetailViewController.swift in Sources */ = {isa = PBXBuildFile; fileRef = 6E25F16123013E5C002CB3FC /* DetailViewController.swift */; };
		6E25F16623013FDB002CB3FC /* clock.jpg in Resources */ = {isa = PBXBuildFile; fileRef = 6E25F16323013FDB002CB3FC /* clock.jpg */; };
		6E25F16723013FDB002CB3FC /* pencil.png in Resources */ = {isa = PBXBuildFile; fileRef = 6E25F16423013FDB002CB3FC /* pencil.png */; };
		6E25F16823013FDB002CB3FC /* cart.png in Resources */ = {isa = PBXBuildFile; fileRef = 6E25F16523013FDB002CB3FC /* cart.png */; };
/* End PBXBuildFile section */

/* Begin PBXContainerItemProxy section */
		6E25F14123013B07002CB3FC /* PBXContainerItemProxy */ = {
			isa = PBXContainerItemProxy;
			containerPortal = 6E25F12423013B03002CB3FC /* Project object */;
			proxyType = 1;
			remoteGlobalIDString = 6E25F12B23013B04002CB3FC;
			remoteInfo = TodoList;
		};
		6E25F14C23013B07002CB3FC /* PBXContainerItemProxy */ = {
			isa = PBXContainerItemProxy;
			containerPortal = 6E25F12423013B03002CB3FC /* Project object */;
			proxyType = 1;
			remoteGlobalIDString = 6E25F12B23013B04002CB3FC;
			remoteInfo = TodoList;
		};
/* End PBXContainerItemProxy section */

/* Begin PBXFileReference section */
		6E25F12C23013B04002CB3FC /* TodoList.app */ = {isa = PBXFileReference; explicitFileType = wrapper.application; includeInIndex = 0; path = TodoList.app; sourceTree = BUILT_PRODUCTS_DIR; };
		6E25F12F23013B04002CB3FC /* AppDelegate.swift */ = {isa = PBXFileReference; lastKnownFileType = sourcecode.swift; path = AppDelegate.swift; sourceTree = "<group>"; };
		6E25F13423013B04002CB3FC /* Base */ = {isa = PBXFileReference; lastKnownFileType = file.storyboard; name = Base; path = Base.lproj/Main.storyboard; sourceTree = "<group>"; };
		6E25F13623013B06002CB3FC /* Assets.xcassets */ = {isa = PBXFileReference; lastKnownFileType = folder.assetcatalog; path = Assets.xcassets; sourceTree = "<group>"; };
		6E25F13923013B06002CB3FC /* Base */ = {isa = PBXFileReference; lastKnownFileType = file.storyboard; name = Base; path = Base.lproj/LaunchScreen.storyboard; sourceTree = "<group>"; };
		6E25F13B23013B06002CB3FC /* Info.plist */ = {isa = PBXFileReference; lastKnownFileType = text.plist.xml; path = Info.plist; sourceTree = "<group>"; };
		6E25F14023013B07002CB3FC /* TodoListTests.xctest */ = {isa = PBXFileReference; explicitFileType = wrapper.cfbundle; includeInIndex = 0; path = TodoListTests.xctest; sourceTree = BUILT_PRODUCTS_DIR; };
		6E25F14423013B07002CB3FC /* TodoListTests.swift */ = {isa = PBXFileReference; lastKnownFileType = sourcecode.swift; path = TodoListTests.swift; sourceTree = "<group>"; };
		6E25F14623013B07002CB3FC /* Info.plist */ = {isa = PBXFileReference; lastKnownFileType = text.plist.xml; path = Info.plist; sourceTree = "<group>"; };
		6E25F14B23013B07002CB3FC /* TodoListUITests.xctest */ = {isa = PBXFileReference; explicitFileType = wrapper.cfbundle; includeInIndex = 0; path = TodoListUITests.xctest; sourceTree = BUILT_PRODUCTS_DIR; };
		6E25F14F23013B07002CB3FC /* TodoListUITests.swift */ = {isa = PBXFileReference; lastKnownFileType = sourcecode.swift; path = TodoListUITests.swift; sourceTree = "<group>"; };
		6E25F15123013B07002CB3FC /* Info.plist */ = {isa = PBXFileReference; lastKnownFileType = text.plist.xml; path = Info.plist; sourceTree = "<group>"; };
		6E25F15D23013E47002CB3FC /* TableViewController.swift */ = {isa = PBXFileReference; lastKnownFileType = sourcecode.swift; path = TableViewController.swift; sourceTree = "<group>"; };
		6E25F15F23013E50002CB3FC /* AddViewController.swift */ = {isa = PBXFileReference; lastKnownFileType = sourcecode.swift; path = AddViewController.swift; sourceTree = "<group>"; };
		6E25F16123013E5C002CB3FC /* DetailViewController.swift */ = {isa = PBXFileReference; lastKnownFileType = sourcecode.swift; path = DetailViewController.swift; sourceTree = "<group>"; };
		6E25F16323013FDB002CB3FC /* clock.jpg */ = {isa = PBXFileReference; lastKnownFileType = image.jpeg; name = clock.jpg; path = ../../../../Downloads/clock.jpg; sourceTree = "<group>"; };
		6E25F16423013FDB002CB3FC /* pencil.png */ = {isa = PBXFileReference; lastKnownFileType = image.png; name = pencil.png; path = ../../../../Downloads/pencil.png; sourceTree = "<group>"; };
		6E25F16523013FDB002CB3FC /* cart.png */ = {isa = PBXFileReference; lastKnownFileType = image.png; name = cart.png; path = ../../../../Downloads/cart.png; sourceTree = "<group>"; };
/* End PBXFileReference section */

/* Begin PBXFrameworksBuildPhase section */
		6E25F12923013B04002CB3FC /* Frameworks */ = {
			isa = PBXFrameworksBuildPhase;
			buildActionMask = 2147483647;
			files = (
			);
			runOnlyForDeploymentPostprocessing = 0;
		};
		6E25F13D23013B07002CB3FC /* Frameworks */ = {
			isa = PBXFrameworksBuildPhase;
			buildActionMask = 2147483647;
			files = (
			);
			runOnlyForDeploymentPostprocessing = 0;
		};
		6E25F14823013B07002CB3FC /* Frameworks */ = {
			isa = PBXFrameworksBuildPhase;
			buildActionMask = 2147483647;
			files = (
			);
			runOnlyForDeploymentPostprocessing = 0;
		};
/* End PBXFrameworksBuildPhase section */

/* Begin PBXGroup section */
		6E25F12323013B03002CB3FC = {
			isa = PBXGroup;
			children = (
				6E25F12E23013B04002CB3FC /* TodoList */,
				6E25F14323013B07002CB3FC /* TodoListTests */,
				6E25F14E23013B07002CB3FC /* TodoListUITests */,
				6E25F12D23013B04002CB3FC /* Products */,
			);
			sourceTree = "<group>";
		};
		6E25F12D23013B04002CB3FC /* Products */ = {
			isa = PBXGroup;
			children = (
				6E25F12C23013B04002CB3FC /* TodoList.app */,
				6E25F14023013B07002CB3FC /* TodoListTests.xctest */,
				6E25F14B23013B07002CB3FC /* TodoListUITests.xctest */,
			);
			name = Products;
			sourceTree = "<group>";
		};
		6E25F12E23013B04002CB3FC /* TodoList */ = {
			isa = PBXGroup;
			children = (
				6E25F16523013FDB002CB3FC /* cart.png */,
				6E25F16323013FDB002CB3FC /* clock.jpg */,
				6E25F16423013FDB002CB3FC /* pencil.png */,
				6E25F12F23013B04002CB3FC /* AppDelegate.swift */,
				6E25F13323013B04002CB3FC /* Main.storyboard */,
				6E25F15D23013E47002CB3FC /* TableViewController.swift */,
				6E25F15F23013E50002CB3FC /* AddViewController.swift */,
				6E25F16123013E5C002CB3FC /* DetailViewController.swift */,
				6E25F13623013B06002CB3FC /* Assets.xcassets */,
				6E25F13823013B06002CB3FC /* LaunchScreen.storyboard */,
				6E25F13B23013B06002CB3FC /* Info.plist */,
			);
			path = TodoList;
			sourceTree = "<group>";
		};
		6E25F14323013B07002CB3FC /* TodoListTests */ = {
			isa = PBXGroup;
			children = (
				6E25F14423013B07002CB3FC /* TodoListTests.swift */,
				6E25F14623013B07002CB3FC /* Info.plist */,
			);
			path = TodoListTests;
			sourceTree = "<group>";
		};
		6E25F14E23013B07002CB3FC /* TodoListUITests */ = {
			isa = PBXGroup;
			children = (
				6E25F14F23013B07002CB3FC /* TodoListUITests.swift */,
				6E25F15123013B07002CB3FC /* Info.plist */,
			);
			path = TodoListUITests;
			sourceTree = "<group>";
		};
/* End PBXGroup section */

/* Begin PBXNativeTarget section */
		6E25F12B23013B04002CB3FC /* TodoList */ = {
			isa = PBXNativeTarget;
			buildConfigurationList = 6E25F15423013B07002CB3FC /* Build configuration list for PBXNativeTarget "TodoList" */;
			buildPhases = (
				6E25F12823013B04002CB3FC /* Sources */,
				6E25F12923013B04002CB3FC /* Frameworks */,
				6E25F12A23013B04002CB3FC /* Resources */,
			);
			buildRules = (
			);
			dependencies = (
			);
			name = TodoList;
			productName = TodoList;
			productReference = 6E25F12C23013B04002CB3FC /* TodoList.app */;
			productType = "com.apple.product-type.application";
		};
		6E25F13F23013B07002CB3FC /* TodoListTests */ = {
			isa = PBXNativeTarget;
			buildConfigurationList = 6E25F15723013B07002CB3FC /* Build configuration list for PBXNativeTarget "TodoListTests" */;
			buildPhases = (
				6E25F13C23013B07002CB3FC /* Sources */,
				6E25F13D23013B07002CB3FC /* Frameworks */,
				6E25F13E23013B07002CB3FC /* Resources */,
			);
			buildRules = (
			);
			dependencies = (
				6E25F14223013B07002CB3FC /* PBXTargetDependency */,
			);
			name = TodoListTests;
			productName = TodoListTests;
			productReference = 6E25F14023013B07002CB3FC /* TodoListTests.xctest */;
			productType = "com.apple.product-type.bundle.unit-test";
		};
		6E25F14A23013B07002CB3FC /* TodoListUITests */ = {
			isa = PBXNativeTarget;
			buildConfigurationList = 6E25F15A23013B07002CB3FC /* Build configuration list for PBXNativeTarget "TodoListUITests" */;
			buildPhases = (
				6E25F14723013B07002CB3FC /* Sources */,
				6E25F14823013B07002CB3FC /* Frameworks */,
				6E25F14923013B07002CB3FC /* Resources */,
			);
			buildRules = (
			);
			dependencies = (
				6E25F14D23013B07002CB3FC /* PBXTargetDependency */,
			);
			name = TodoListUITests;
			productName = TodoListUITests;
			productReference = 6E25F14B23013B07002CB3FC /* TodoListUITests.xctest */;
			productType = "com.apple.product-type.bundle.ui-testing";
		};
/* End PBXNativeTarget section */

/* Begin PBXProject section */
		6E25F12423013B03002CB3FC /* Project object */ = {
			isa = PBXProject;
			attributes = {
				LastSwiftUpdateCheck = 0940;
				LastUpgradeCheck = 0940;
				ORGANIZATIONNAME = HelloCse;
				TargetAttributes = {
					6E25F12B23013B04002CB3FC = {
						CreatedOnToolsVersion = 9.4.1;
					};
					6E25F13F23013B07002CB3FC = {
						CreatedOnToolsVersion = 9.4.1;
						TestTargetID = 6E25F12B23013B04002CB3FC;
					};
					6E25F14A23013B07002CB3FC = {
						CreatedOnToolsVersion = 9.4.1;
						TestTargetID = 6E25F12B23013B04002CB3FC;
					};
				};
			};
			buildConfigurationList = 6E25F12723013B03002CB3FC /* Build configuration list for PBXProject "TodoList" */;
			compatibilityVersion = "Xcode 9.3";
			developmentRegion = en;
			hasScannedForEncodings = 0;
			knownRegions = (
				en,
				Base,
			);
			mainGroup = 6E25F12323013B03002CB3FC;
			productRefGroup = 6E25F12D23013B04002CB3FC /* Products */;
			projectDirPath = "";
			projectRoot = "";
			targets = (
				6E25F12B23013B04002CB3FC /* TodoList */,
				6E25F13F23013B07002CB3FC /* TodoListTests */,
				6E25F14A23013B07002CB3FC /* TodoListUITests */,
			);
		};
/* End PBXProject section */

/* Begin PBXResourcesBuildPhase section */
		6E25F12A23013B04002CB3FC /* Resources */ = {
			isa = PBXResourcesBuildPhase;
			buildActionMask = 2147483647;
			files = (
				6E25F16723013FDB002CB3FC /* pencil.png in Resources */,
				6E25F16623013FDB002CB3FC /* clock.jpg in Resources */,
				6E25F13A23013B06002CB3FC /* LaunchScreen.storyboard in Resources */,
				6E25F13723013B06002CB3FC /* Assets.xcassets in Resources */,
				6E25F13523013B04002CB3FC /* Main.storyboard in Resources */,
				6E25F16823013FDB002CB3FC /* cart.png in Resources */,
			);
			runOnlyForDeploymentPostprocessing = 0;
		};
		6E25F13E23013B07002CB3FC /* Resources */ = {
			isa = PBXResourcesBuildPhase;
			buildActionMask = 2147483647;
			files = (
			);
			runOnlyForDeploymentPostprocessing = 0;
		};
		6E25F14923013B07002CB3FC /* Resources */ = {
			isa = PBXResourcesBuildPhase;
			buildActionMask = 2147483647;
			files = (
			);
			runOnlyForDeploymentPostprocessing = 0;
		};
/* End PBXResourcesBuildPhase section */

/* Begin PBXSourcesBuildPhase section */
		6E25F12823013B04002CB3FC /* Sources */ = {
			isa = PBXSourcesBuildPhase;
			buildActionMask = 2147483647;
			files = (
				6E25F13023013B04002CB3FC /* AppDelegate.swift in Sources */,
				6E25F15E23013E47002CB3FC /* TableViewController.swift in Sources */,
				6E25F16023013E50002CB3FC /* AddViewController.swift in Sources */,
				6E25F16223013E5C002CB3FC /* DetailViewController.swift in Sources */,
			);
			runOnlyForDeploymentPostprocessing = 0;
		};
		6E25F13C23013B07002CB3FC /* Sources */ = {
			isa = PBXSourcesBuildPhase;
			buildActionMask = 2147483647;
			files = (
				6E25F14523013B07002CB3FC /* TodoListTests.swift in Sources */,
			);
			runOnlyForDeploymentPostprocessing = 0;
		};
		6E25F14723013B07002CB3FC /* Sources */ = {
			isa = PBXSourcesBuildPhase;
			buildActionMask = 2147483647;
			files = (
				6E25F15023013B07002CB3FC /* TodoListUITests.swift in Sources */,
			);
			runOnlyForDeploymentPostprocessing = 0;
		};
/* End PBXSourcesBuildPhase section */

/* Begin PBXTargetDependency section */
		6E25F14223013B07002CB3FC /* PBXTargetDependency */ = {
			isa = PBXTargetDependency;
			target = 6E25F12B23013B04002CB3FC /* TodoList */;
			targetProxy = 6E25F14123013B07002CB3FC /* PBXContainerItemProxy */;
		};
		6E25F14D23013B07002CB3FC /* PBXTargetDependency */ = {
			isa = PBXTargetDependency;
			target = 6E25F12B23013B04002CB3FC /* TodoList */;
			targetProxy = 6E25F14C23013B07002CB3FC /* PBXContainerItemProxy */;
		};
/* End PBXTargetDependency section */

/* Begin PBXVariantGroup section */
		6E25F13323013B04002CB3FC /* Main.storyboard */ = {
			isa = PBXVariantGroup;
			children = (
				6E25F13423013B04002CB3FC /* Base */,
			);
			name = Main.storyboard;
			sourceTree = "<group>";
		};
		6E25F13823013B06002CB3FC /* LaunchScreen.storyboard */ = {
			isa = PBXVariantGroup;
			children = (
				6E25F13923013B06002CB3FC /* Base */,
			);
			name = LaunchScreen.storyboard;
			sourceTree = "<group>";
		};
/* End PBXVariantGroup section */

/* Begin XCBuildConfiguration section */
		6E25F15223013B07002CB3FC /* Debug */ = {
			isa = XCBuildConfiguration;
			buildSettings = {
				ALWAYS_SEARCH_USER_PATHS = NO;
				CLANG_ANALYZER_NONNULL = YES;
				CLANG_ANALYZER_NUMBER_OBJECT_CONVERSION = YES_AGGRESSIVE;
				CLANG_CXX_LANGUAGE_STANDARD = "gnu++14";
				CLANG_CXX_LIBRARY = "libc++";
				CLANG_ENABLE_MODULES = YES;
				CLANG_ENABLE_OBJC_ARC = YES;
				CLANG_ENABLE_OBJC_WEAK = YES;
				CLANG_WARN_BLOCK_CAPTURE_AUTORELEASING = YES;
				CLANG_WARN_BOOL_CONVERSION = YES;
				CLANG_WARN_COMMA = YES;
				CLANG_WARN_CONSTANT_CONVERSION = YES;
				CLANG_WARN_DEPRECATED_OBJC_IMPLEMENTATIONS = YES;
				CLANG_WARN_DIRECT_OBJC_ISA_USAGE = YES_ERROR;
				CLANG_WARN_DOCUMENTATION_COMMENTS = YES;
				CLANG_WARN_EMPTY_BODY = YES;
				CLANG_WARN_ENUM_CONVERSION = YES;
				CLANG_WARN_INFINITE_RECURSION = YES;
				CLANG_WARN_INT_CONVERSION = YES;
				CLANG_WARN_NON_LITERAL_NULL_CONVERSION = YES;
				CLANG_WARN_OBJC_IMPLICIT_RETAIN_SELF = YES;
				CLANG_WARN_OBJC_LITERAL_CONVERSION = YES;
				CLANG_WARN_OBJC_ROOT_CLASS = YES_ERROR;
				CLANG_WARN_RANGE_LOOP_ANALYSIS = YES;
				CLANG_WARN_STRICT_PROTOTYPES = YES;
				CLANG_WARN_SUSPICIOUS_MOVE = YES;
				CLANG_WARN_UNGUARDED_AVAILABILITY = YES_AGGRESSIVE;
				CLANG_WARN_UNREACHABLE_CODE = YES;
				CLANG_WARN__DUPLICATE_METHOD_MATCH = YES;
				CODE_SIGN_IDENTITY = "iPhone Developer";
				COPY_PHASE_STRIP = NO;
				DEBUG_INFORMATION_FORMAT = dwarf;
				ENABLE_STRICT_OBJC_MSGSEND = YES;
				ENABLE_TESTABILITY = YES;
				GCC_C_LANGUAGE_STANDARD = gnu11;
				GCC_DYNAMIC_NO_PIC = NO;
				GCC_NO_COMMON_BLOCKS = YES;
				GCC_OPTIMIZATION_LEVEL = 0;
				GCC_PREPROCESSOR_DEFINITIONS = (
					"DEBUG=1",
					"$(inherited)",
				);
				GCC_WARN_64_TO_32_BIT_CONVERSION = YES;
				GCC_WARN_ABOUT_RETURN_TYPE = YES_ERROR;
				GCC_WARN_UNDECLARED_SELECTOR = YES;
				GCC_WARN_UNINITIALIZED_AUTOS = YES_AGGRESSIVE;
				GCC_WARN_UNUSED_FUNCTION = YES;
				GCC_WARN_UNUSED_VARIABLE = YES;
				IPHONEOS_DEPLOYMENT_TARGET = 11.4;
				MTL_ENABLE_DEBUG_INFO = YES;
				ONLY_ACTIVE_ARCH = YES;
				SDKROOT = iphoneos;
				SWIFT_ACTIVE_COMPILATION_CONDITIONS = DEBUG;
				SWIFT_OPTIMIZATION_LEVEL = "-Onone";
			};
			name = Debug;
		};
		6E25F15323013B07002CB3FC /* Release */ = {
			isa = XCBuildConfiguration;
			buildSettings = {
				ALWAYS_SEARCH_USER_PATHS = NO;
				CLANG_ANALYZER_NONNULL = YES;
				CLANG_ANALYZER_NUMBER_OBJECT_CONVERSION = YES_AGGRESSIVE;
				CLANG_CXX_LANGUAGE_STANDARD = "gnu++14";
				CLANG_CXX_LIBRARY = "libc++";
				CLANG_ENABLE_MODULES = YES;
				CLANG_ENABLE_OBJC_ARC = YES;
				CLANG_ENABLE_OBJC_WEAK = YES;
				CLANG_WARN_BLOCK_CAPTURE_AUTORELEASING = YES;
				CLANG_WARN_BOOL_CONVERSION = YES;
				CLANG_WARN_COMMA = YES;
				CLANG_WARN_CONSTANT_CONVERSION = YES;
				CLANG_WARN_DEPRECATED_OBJC_IMPLEMENTATIONS = YES;
				CLANG_WARN_DIRECT_OBJC_ISA_USAGE = YES_ERROR;
				CLANG_WARN_DOCUMENTATION_COMMENTS = YES;
				CLANG_WARN_EMPTY_BODY = YES;
				CLANG_WARN_ENUM_CONVERSION = YES;
				CLANG_WARN_INFINITE_RECURSION = YES;
				CLANG_WARN_INT_CONVERSION = YES;
				CLANG_WARN_NON_LITERAL_NULL_CONVERSION = YES;
				CLANG_WARN_OBJC_IMPLICIT_RETAIN_SELF = YES;
				CLANG_WARN_OBJC_LITERAL_CONVERSION = YES;
				CLANG_WARN_OBJC_ROOT_CLASS = YES_ERROR;
				CLANG_WARN_RANGE_LOOP_ANALYSIS = YES;
				CLANG_WARN_STRICT_PROTOTYPES = YES;
				CLANG_WARN_SUSPICIOUS_MOVE = YES;
				CLANG_WARN_UNGUARDED_AVAILABILITY = YES_AGGRESSIVE;
				CLANG_WARN_UNREACHABLE_CODE = YES;
				CLANG_WARN__DUPLICATE_METHOD_MATCH = YES;
				CODE_SIGN_IDENTITY = "iPhone Developer";
				COPY_PHASE_STRIP = NO;
				DEBUG_INFORMATION_FORMAT = "dwarf-with-dsym";
				ENABLE_NS_ASSERTIONS = NO;
				ENABLE_STRICT_OBJC_MSGSEND = YES;
				GCC_C_LANGUAGE_STANDARD = gnu11;
				GCC_NO_COMMON_BLOCKS = YES;
				GCC_WARN_64_TO_32_BIT_CONVERSION = YES;
				GCC_WARN_ABOUT_RETURN_TYPE = YES_ERROR;
				GCC_WARN_UNDECLARED_SELECTOR = YES;
				GCC_WARN_UNINITIALIZED_AUTOS = YES_AGGRESSIVE;
				GCC_WARN_UNUSED_FUNCTION = YES;
				GCC_WARN_UNUSED_VARIABLE = YES;
				IPHONEOS_DEPLOYMENT_TARGET = 11.4;
				MTL_ENABLE_DEBUG_INFO = NO;
				SDKROOT = iphoneos;
				SWIFT_COMPILATION_MODE = wholemodule;
				SWIFT_OPTIMIZATION_LEVEL = "-O";
				VALIDATE_PRODUCT = YES;
			};
			name = Release;
		};
		6E25F15523013B07002CB3FC /* Debug */ = {
			isa = XCBuildConfiguration;
			buildSettings = {
				ASSETCATALOG_COMPILER_APPICON_NAME = AppIcon;
				CODE_SIGN_STYLE = Automatic;
				INFOPLIST_FILE = TodoList/Info.plist;
				LD_RUNPATH_SEARCH_PATHS = (
					"$(inherited)",
					"@executable_path/Frameworks",
				);
				PRODUCT_BUNDLE_IDENTIFIER = ire4564.TodoList;
				PRODUCT_NAME = "$(TARGET_NAME)";
				SWIFT_VERSION = 4.0;
				TARGETED_DEVICE_FAMILY = "1,2";
			};
			name = Debug;
		};
		6E25F15623013B07002CB3FC /* Release */ = {
			isa = XCBuildConfiguration;
			buildSettings = {
				ASSETCATALOG_COMPILER_APPICON_NAME = AppIcon;
				CODE_SIGN_STYLE = Automatic;
				INFOPLIST_FILE = TodoList/Info.plist;
				LD_RUNPATH_SEARCH_PATHS = (
					"$(inherited)",
					"@executable_path/Frameworks",
				);
				PRODUCT_BUNDLE_IDENTIFIER = ire4564.TodoList;
				PRODUCT_NAME = "$(TARGET_NAME)";
				SWIFT_VERSION = 4.0;
				TARGETED_DEVICE_FAMILY = "1,2";
			};
			name = Release;
		};
		6E25F15823013B07002CB3FC /* Debug */ = {
			isa = XCBuildConfiguration;
			buildSettings = {
				ALWAYS_EMBED_SWIFT_STANDARD_LIBRARIES = YES;
				BUNDLE_LOADER = "$(TEST_HOST)";
				CODE_SIGN_STYLE = Automatic;
				INFOPLIST_FILE = TodoListTests/Info.plist;
				LD_RUNPATH_SEARCH_PATHS = (
					"$(inherited)",
					"@executable_path/Frameworks",
					"@loader_path/Frameworks",
				);
				PRODUCT_BUNDLE_IDENTIFIER = ire4564.TodoListTests;
				PRODUCT_NAME = "$(TARGET_NAME)";
				SWIFT_VERSION = 4.0;
				TARGETED_DEVICE_FAMILY = "1,2";
				TEST_HOST = "$(BUILT_PRODUCTS_DIR)/TodoList.app/TodoList";
			};
			name = Debug;
		};
		6E25F15923013B07002CB3FC /* Release */ = {
			isa = XCBuildConfiguration;
			buildSettings = {
				ALWAYS_EMBED_SWIFT_STANDARD_LIBRARIES = YES;
				BUNDLE_LOADER = "$(TEST_HOST)";
				CODE_SIGN_STYLE = Automatic;
				INFOPLIST_FILE = TodoListTests/Info.plist;
				LD_RUNPATH_SEARCH_PATHS = (
					"$(inherited)",
					"@executable_path/Frameworks",
					"@loader_path/Frameworks",
				);
				PRODUCT_BUNDLE_IDENTIFIER = ire4564.TodoListTests;
				PRODUCT_NAME = "$(TARGET_NAME)";
				SWIFT_VERSION = 4.0;
				TARGETED_DEVICE_FAMILY = "1,2";
				TEST_HOST = "$(BUILT_PRODUCTS_DIR)/TodoList.app/TodoList";
			};
			name = Release;
		};
		6E25F15B23013B07002CB3FC /* Debug */ = {
			isa = XCBuildConfiguration;
			buildSettings = {
				ALWAYS_EMBED_SWIFT_STANDARD_LIBRARIES = YES;
				CODE_SIGN_STYLE = Automatic;
				INFOPLIST_FILE = TodoListUITests/Info.plist;
				LD_RUNPATH_SEARCH_PATHS = (
					"$(inherited)",
					"@executable_path/Frameworks",
					"@loader_path/Frameworks",
				);
				PRODUCT_BUNDLE_IDENTIFIER = ire4564.TodoListUITests;
				PRODUCT_NAME = "$(TARGET_NAME)";
				SWIFT_VERSION = 4.0;
				TARGETED_DEVICE_FAMILY = "1,2";
				TEST_TARGET_NAME = TodoList;
			};
			name = Debug;
		};
		6E25F15C23013B07002CB3FC /* Release */ = {
			isa = XCBuildConfiguration;
			buildSettings = {
				ALWAYS_EMBED_SWIFT_STANDARD_LIBRARIES = YES;
				CODE_SIGN_STYLE = Automatic;
				INFOPLIST_FILE = TodoListUITests/Info.plist;
				LD_RUNPATH_SEARCH_PATHS = (
					"$(inherited)",
					"@executable_path/Frameworks",
					"@loader_path/Frameworks",
				);
				PRODUCT_BUNDLE_IDENTIFIER = ire4564.TodoListUITests;
				PRODUCT_NAME = "$(TARGET_NAME)";
				SWIFT_VERSION = 4.0;
				TARGETED_DEVICE_FAMILY = "1,2";
				TEST_TARGET_NAME = TodoList;
			};
			name = Release;
		};
/* End XCBuildConfiguration section */

/* Begin XCConfigurationList section */
		6E25F12723013B03002CB3FC /* Build configuration list for PBXProject "TodoList" */ = {
			isa = XCConfigurationList;
			buildConfigurations = (
				6E25F15223013B07002CB3FC /* Debug */,
				6E25F15323013B07002CB3FC /* Release */,
			);
			defaultConfigurationIsVisible = 0;
			defaultConfigurationName = Release;
		};
		6E25F15423013B07002CB3FC /* Build configuration list for PBXNativeTarget "TodoList" */ = {
			isa = XCConfigurationList;
			buildConfigurations = (
				6E25F15523013B07002CB3FC /* Debug */,
				6E25F15623013B07002CB3FC /* Release */,
			);
			defaultConfigurationIsVisible = 0;
			defaultConfigurationName = Release;
		};
		6E25F15723013B07002CB3FC /* Build configuration list for PBXNativeTarget "TodoListTests" */ = {
			isa = XCConfigurationList;
			buildConfigurations = (
				6E25F15823013B07002CB3FC /* Debug */,
				6E25F15923013B07002CB3FC /* Release */,
			);
			defaultConfigurationIsVisible = 0;
			defaultConfigurationName = Release;
		};
		6E25F15A23013B07002CB3FC /* Build configuration list for PBXNativeTarget "TodoListUITests" */ = {
			isa = XCConfigurationList;
			buildConfigurations = (
				6E25F15B23013B07002CB3FC /* Debug */,
				6E25F15C23013B07002CB3FC /* Release */,
			);
			defaultConfigurationIsVisible = 0;
			defaultConfigurationName = Release;
		};
/* End XCConfigurationList section */
	};
	rootObject = 6E25F12423013B03002CB3FC /* Project object */;
}
